{
  "name": "a",
  "version": "1.0.0",
  "lockfileVersion": 3,
  "requires": true,
  "packages": {
    "": {
      "name": "a",
      "version": "1.0.0",
      "license": "ISC",
      "dependencies": {
        "superjson": "^1.13.1"
      },
      "devDependencies": {
        "typescript": "^5.1.6"
      }
    },
    "node_modules/copy-anything": {
      "version": "3.0.5",
      "resolved": "https://registry.npmjs.org/copy-anything/-/copy-anything-3.0.5.tgz",
      "integrity": "sha512-yCEafptTtb4bk7GLEQoM8KVJpxAfdBJYaXyzQEgQQQgYrZiDp8SJmGKlYza6CYjEDNstAdNdKA3UuoULlEbS6w==",
      "dependencies": {
        "is-what": "^4.1.8"
      },
      "engines": {
        "node": ">=12.13"
      },
      "funding": {
        "url": "https://github.com/sponsors/mesqueeb"
      }
    },
    "node_modules/is-what": {
      "version": "4.1.15",
      "resolved": "https://registry.npmjs.org/is-what/-/is-what-4.1.15.tgz",
      "integrity": "sha512-uKua1wfy3Yt+YqsD6mTUEa2zSi3G1oPlqTflgaPJ7z63vUGN5pxFpnQfeSLMFnJDEsdvOtkp1rUWkYjB4YfhgA==",
      "engines": {
        "node": ">=12.13"
      },
      "funding": {
        "url": "https://github.com/sponsors/mesqueeb"
      }
    },
    "node_modules/superjson": {
      "version": "1.13.1",
      "resolved": "https://registry.npmjs.org/superjson/-/superjson-1.13.1.tgz",
      "integrity": "sha512-AVH2eknm9DEd3qvxM4Sq+LTCkSXE2ssfh1t11MHMXyYXFQyQ1HLgVvV+guLTsaQnJU3gnaVo34TohHPulY/wLg==",
      "dependencies": {
        "copy-anything": "^3.0.2"
      },
      "engines": {
        "node": ">=10"
      }
    },
    "node_modules/typescript": {
      "version": "5.1.6",
      "resolved": "https://registry.npmjs.org/typescript/-/typescript-5.1.6.tgz",
      "integrity": "sha512-zaWCozRZ6DLEWAWFrVDz1H6FVXzUSfTy5FUMWsQlU8Ym5JP9eO4xkTIROFCQvhQf61z6O/G6ugw3SgAnvvm+HA==",
      "dev": true,
      "bin": {
        "tsc": "bin/tsc",
        "tsserver": "bin/tsserver"
      },
      "engines": {
        "node": ">=14.17"
      }
    }
  }
}
